
Microsoft Visual Studio Solution File, Format Version 12.00
# Visual Studio Version 17
VisualStudioVersion = 17.5.002.0
MinimumVisualStudioVersion = 10.0.40219.1
Project("{2150E333-8FDC-42A3-9474-1A3956D46DE8}") = "prepare", "prepare", "{26DC1991-B32B-45E7-9F4C-8BC045912BB2}"
EndProject
Project("{9A19103F-16F7-4668-BE54-9A1E7A4F7556}") = "Learning02", "prepare\Learning02\Learning02.csproj", "{85070D9D-2862-484C-A557-48EC94B01692}"
EndProject
Project("{9A19103F-16F7-4668-BE54-9A1E7A4F7556}") = "Learning05", "prepare\Learning05\Learning05.csproj", "{8C12D534-DE47-46B6-B3E5-A081CEC65B2F}"
EndProject
Project("{9A19103F-16F7-4668-BE54-9A1E7A4F7556}") = "Learning04", "prepare\Learning04\Learning04.csproj", "{A6A5697C-DD8C-4EE3-A1AC-B16800032FBC}"
EndProject
Project("{9A19103F-16F7-4668-BE54-9A1E7A4F7556}") = "Learning03", "prepare\Learning03\Learning03.csproj", "{B718B356-C5D0-441E-891F-A8AFB936F76F}"
EndProject
Project("{2150E333-8FDC-42A3-9474-1A3956D46DE8}") = "prove", "prove", "{8C450F81-E693-40E3-AC42-E4F1107A3096}"
EndProject
Project("{9A19103F-16F7-4668-BE54-9A1E7A4F7556}") = "Develop03", "prove\Develop03\Develop03.csproj", "{827A677E-08BD-4BBE-8957-0FAD3CB7E049}"
EndProject
Project("{9A19103F-16F7-4668-BE54-9A1E7A4F7556}") = "Develop04", "prove\Develop04\Develop04.csproj", "{1C19E6D2-9B63-414F-88C3-1D0BE0F543DB}"
EndProject
Project("{9A19103F-16F7-4668-BE54-9A1E7A4F7556}") = "Develop05", "prove\Develop05\Develop05.csproj", "{661DED27-A317-4F93-AD90-431F06007AB9}"
EndProject
Project("{9A19103F-16F7-4668-BE54-9A1E7A4F7556}") = "Develop02", "prove\Develop02\Develop02.csproj", "{E36E43B7-35F8-425B-B285-8BE755B12C55}"
EndProject
Project("{2150E333-8FDC-42A3-9474-1A3956D46DE8}") = "sandbox", "sandbox", "{BC0CF9DA-D12B-4968-AA4A-31BBA8F0A2D3}"
EndProject
Project("{9A19103F-16F7-4668-BE54-9A1E7A4F7556}") = "Sandbox", "sandbox\Sandbox\Sandbox.csproj", "{6F83E29A-B995-498F-B13E-F2B07E790BAD}"
EndProject
Project("{2150E333-8FDC-42A3-9474-1A3956D46DE8}") = "final", "final", "{1A205E91-CAB5-4C6D-8DFA-C5BA69C92ACE}"
EndProject
Project("{9A19103F-16F7-4668-BE54-9A1E7A4F7556}") = "FinalProject", "final\FinalProject\FinalProject.csproj", "{0364289E-A91F-4D4F-8B6C-5073F6618CAE}"
EndProject
Project("{9A19103F-16F7-4668-BE54-9A1E7A4F7556}") = "Foundation1", "final\Foundation1\Foundation1.csproj", "{5F1D6C33-3793-4367-91B6-1D18F7ED7CDB}"
EndProject
Project("{9A19103F-16F7-4668-BE54-9A1E7A4F7556}") = "Foundation4", "final\Foundation4\Foundation4.csproj", "{BA07028B-42E5-4940-A8CA-CE8015439CB6}"
EndProject
Project("{9A19103F-16F7-4668-BE54-9A1E7A4F7556}") = "Foundation3", "final\Foundation3\Foundation3.csproj", "{7773A0B2-E231-49DB-B6FE-63141548512D}"
EndProject
Project("{9A19103F-16F7-4668-BE54-9A1E7A4F7556}") = "Foundation2", "final\Foundation2\Foundation2.csproj", "{B0690573-7BCA-4950-B98D-5A6497EE418E}"
EndProject
Project("{2150E333-8FDC-42A3-9474-1A3956D46DE8}") = "csharp-prep", "csharp-prep", "{C70C6F63-9807-4B28-AB98-6132501DF884}"
EndProject
Project("{9A19103F-16F7-4668-BE54-9A1E7A4F7556}") = "Prep1", "csharp-prep\Prep1\Prep1.csproj", "{6C6A8FC9-A713-4CD0-A9DB-DFF41B5A9C53}"
EndProject
Project("{9A19103F-16F7-4668-BE54-9A1E7A4F7556}") = "Prep5", "csharp-prep\Prep5\Prep5.csproj", "{0A4D4414-1BEF-4AB3-84C0-9EEFD4786970}"
EndProject
Project("{9A19103F-16F7-4668-BE54-9A1E7A4F7556}") = "Prep2", "csharp-prep\Prep2\Prep2.csproj", "{4FF8C298-7BC5-4177-BC76-724FB7EF116F}"
EndProject
Project("{9A19103F-16F7-4668-BE54-9A1E7A4F7556}") = "Prep3", "csharp-prep\Prep3\Prep3.csproj", "{43D01F9F-FA0C-43C3-A097-11FD481AFAE9}"
EndProject
Project("{9A19103F-16F7-4668-BE54-9A1E7A4F7556}") = "Prep4", "csharp-prep\Prep4\Prep4.csproj", "{0687B806-F786-4A91-B6E4-B73D0545A2E3}"
EndProject
Global
	GlobalSection(SolutionConfigurationPlatforms) = preSolution
		Debug|Any CPU = Debug|Any CPU
		Release|Any CPU = Release|Any CPU
	EndGlobalSection
	GlobalSection(ProjectConfigurationPlatforms) = postSolution
		{85070D9D-2862-484C-A557-48EC94B01692}.Debug|Any CPU.ActiveCfg = Debug|Any CPU
		{85070D9D-2862-484C-A557-48EC94B01692}.Debug|Any CPU.Build.0 = Debug|Any CPU
		{85070D9D-2862-484C-A557-48EC94B01692}.Release|Any CPU.ActiveCfg = Release|Any CPU
		{85070D9D-2862-484C-A557-48EC94B01692}.Release|Any CPU.Build.0 = Release|Any CPU
		{8C12D534-DE47-46B6-B3E5-A081CEC65B2F}.Debug|Any CPU.ActiveCfg = Debug|Any CPU
		{8C12D534-DE47-46B6-B3E5-A081CEC65B2F}.Debug|Any CPU.Build.0 = Debug|Any CPU
		{8C12D534-DE47-46B6-B3E5-A081CEC65B2F}.Release|Any CPU.ActiveCfg = Release|Any CPU
		{8C12D534-DE47-46B6-B3E5-A081CEC65B2F}.Release|Any CPU.Build.0 = Release|Any CPU
		{A6A5697C-DD8C-4EE3-A1AC-B16800032FBC}.Debug|Any CPU.ActiveCfg = Debug|Any CPU
		{A6A5697C-DD8C-4EE3-A1AC-B16800032FBC}.Debug|Any CPU.Build.0 = Debug|Any CPU
		{A6A5697C-DD8C-4EE3-A1AC-B16800032FBC}.Release|Any CPU.ActiveCfg = Release|Any CPU
		{A6A5697C-DD8C-4EE3-A1AC-B16800032FBC}.Release|Any CPU.Build.0 = Release|Any CPU
		{B718B356-C5D0-441E-891F-A8AFB936F76F}.Debug|Any CPU.ActiveCfg = Debug|Any CPU
		{B718B356-C5D0-441E-891F-A8AFB936F76F}.Debug|Any CPU.Build.0 = Debug|Any CPU
		{B718B356-C5D0-441E-891F-A8AFB936F76F}.Release|Any CPU.ActiveCfg = Release|Any CPU
		{B718B356-C5D0-441E-891F-A8AFB936F76F}.Release|Any CPU.Build.0 = Release|Any CPU
		{827A677E-08BD-4BBE-8957-0FAD3CB7E049}.Debug|Any CPU.ActiveCfg = Debug|Any CPU
		{827A677E-08BD-4BBE-8957-0FAD3CB7E049}.Debug|Any CPU.Build.0 = Debug|Any CPU
		{827A677E-08BD-4BBE-8957-0FAD3CB7E049}.Release|Any CPU.ActiveCfg = Release|Any CPU
		{827A677E-08BD-4BBE-8957-0FAD3CB7E049}.Release|Any CPU.Build.0 = Release|Any CPU
		{1C19E6D2-9B63-414F-88C3-1D0BE0F543DB}.Debug|Any CPU.ActiveCfg = Debug|Any CPU
		{1C19E6D2-9B63-414F-88C3-1D0BE0F543DB}.Debug|Any CPU.Build.0 = Debug|Any CPU
		{1C19E6D2-9B63-414F-88C3-1D0BE0F543DB}.Release|Any CPU.ActiveCfg = Release|Any CPU
		{1C19E6D2-9B63-414F-88C3-1D0BE0F543DB}.Release|Any CPU.Build.0 = Release|Any CPU
		{661DED27-A317-4F93-AD90-431F06007AB9}.Debug|Any CPU.ActiveCfg = Debug|Any CPU
		{661DED27-A317-4F93-AD90-431F06007AB9}.Debug|Any CPU.Build.0 = Debug|Any CPU
		{661DED27-A317-4F93-AD90-431F06007AB9}.Release|Any CPU.ActiveCfg = Release|Any CPU
		{661DED27-A317-4F93-AD90-431F06007AB9}.Release|Any CPU.Build.0 = Release|Any CPU
		{E36E43B7-35F8-425B-B285-8BE755B12C55}.Debug|Any CPU.ActiveCfg = Debug|Any CPU
		{E36E43B7-35F8-425B-B285-8BE755B12C55}.Debug|Any CPU.Build.0 = Debug|Any CPU
		{E36E43B7-35F8-425B-B285-8BE755B12C55}.Release|Any CPU.ActiveCfg = Release|Any CPU
		{E36E43B7-35F8-425B-B285-8BE755B12C55}.Release|Any CPU.Build.0 = Release|Any CPU
		{6F83E29A-B995-498F-B13E-F2B07E790BAD}.Debug|Any CPU.ActiveCfg = Debug|Any CPU
		{6F83E29A-B995-498F-B13E-F2B07E790BAD}.Debug|Any CPU.Build.0 = Debug|Any CPU
		{6F83E29A-B995-498F-B13E-F2B07E790BAD}.Release|Any CPU.ActiveCfg = Release|Any CPU
		{6F83E29A-B995-498F-B13E-F2B07E790BAD}.Release|Any CPU.Build.0 = Release|Any CPU
		{0364289E-A91F-4D4F-8B6C-5073F6618CAE}.Debug|Any CPU.ActiveCfg = Debug|Any CPU
		{0364289E-A91F-4D4F-8B6C-5073F6618CAE}.Debug|Any CPU.Build.0 = Debug|Any CPU
		{0364289E-A91F-4D4F-8B6C-5073F6618CAE}.Release|Any CPU.ActiveCfg = Release|Any CPU
		{0364289E-A91F-4D4F-8B6C-5073F6618CAE}.Release|Any CPU.Build.0 = Release|Any CPU
		{5F1D6C33-3793-4367-91B6-1D18F7ED7CDB}.Debug|Any CPU.ActiveCfg = Debug|Any CPU
		{5F1D6C33-3793-4367-91B6-1D18F7ED7CDB}.Debug|Any CPU.Build.0 = Debug|Any CPU
		{5F1D6C33-3793-4367-91B6-1D18F7ED7CDB}.Release|Any CPU.ActiveCfg = Release|Any CPU
		{5F1D6C33-3793-4367-91B6-1D18F7ED7CDB}.Release|Any CPU.Build.0 = Release|Any CPU
		{BA07028B-42E5-4940-A8CA-CE8015439CB6}.Debug|Any CPU.ActiveCfg = Debug|Any CPU
		{BA07028B-42E5-4940-A8CA-CE8015439CB6}.Debug|Any CPU.Build.0 = Debug|Any CPU
		{BA07028B-42E5-4940-A8CA-CE8015439CB6}.Release|Any CPU.ActiveCfg = Release|Any CPU
		{BA07028B-42E5-4940-A8CA-CE8015439CB6}.Release|Any CPU.Build.0 = Release|Any CPU
		{7773A0B2-E231-49DB-B6FE-63141548512D}.Debug|Any CPU.ActiveCfg = Debug|Any CPU
		{7773A0B2-E231-49DB-B6FE-63141548512D}.Debug|Any CPU.Build.0 = Debug|Any CPU
		{7773A0B2-E231-49DB-B6FE-63141548512D}.Release|Any CPU.ActiveCfg = Release|Any CPU
		{7773A0B2-E231-49DB-B6FE-63141548512D}.Release|Any CPU.Build.0 = Release|Any CPU
		{B0690573-7BCA-4950-B98D-5A6497EE418E}.Debug|Any CPU.ActiveCfg = Debug|Any CPU
		{B0690573-7BCA-4950-B98D-5A6497EE418E}.Debug|Any CPU.Build.0 = Debug|Any CPU
		{B0690573-7BCA-4950-B98D-5A6497EE418E}.Release|Any CPU.ActiveCfg = Release|Any CPU
		{B0690573-7BCA-4950-B98D-5A6497EE418E}.Release|Any CPU.Build.0 = Release|Any CPU
		{6C6A8FC9-A713-4CD0-A9DB-DFF41B5A9C53}.Debug|Any CPU.ActiveCfg = Debug|Any CPU
		{6C6A8FC9-A713-4CD0-A9DB-DFF41B5A9C53}.Debug|Any CPU.Build.0 = Debug|Any CPU
		{6C6A8FC9-A713-4CD0-A9DB-DFF41B5A9C53}.Release|Any CPU.ActiveCfg = Release|Any CPU
		{6C6A8FC9-A713-4CD0-A9DB-DFF41B5A9C53}.Release|Any CPU.Build.0 = Release|Any CPU
		{0A4D4414-1BEF-4AB3-84C0-9EEFD4786970}.Debug|Any CPU.ActiveCfg = Debug|Any CPU
		{0A4D4414-1BEF-4AB3-84C0-9EEFD4786970}.Debug|Any CPU.Build.0 = Debug|Any CPU
		{0A4D4414-1BEF-4AB3-84C0-9EEFD4786970}.Release|Any CPU.ActiveCfg = Release|Any CPU
		{0A4D4414-1BEF-4AB3-84C0-9EEFD4786970}.Release|Any CPU.Build.0 = Release|Any CPU
		{4FF8C298-7BC5-4177-BC76-724FB7EF116F}.Debug|Any CPU.ActiveCfg = Debug|Any CPU
		{4FF8C298-7BC5-4177-BC76-724FB7EF116F}.Debug|Any CPU.Build.0 = Debug|Any CPU
		{4FF8C298-7BC5-4177-BC76-724FB7EF116F}.Release|Any CPU.ActiveCfg = Release|Any CPU
		{4FF8C298-7BC5-4177-BC76-724FB7EF116F}.Release|Any CPU.Build.0 = Release|Any CPU
		{43D01F9F-FA0C-43C3-A097-11FD481AFAE9}.Debug|Any CPU.ActiveCfg = Debug|Any CPU
		{43D01F9F-FA0C-43C3-A097-11FD481AFAE9}.Debug|Any CPU.Build.0 = Debug|Any CPU
		{43D01F9F-FA0C-43C3-A097-11FD481AFAE9}.Release|Any CPU.ActiveCfg = Release|Any CPU
		{43D01F9F-FA0C-43C3-A097-11FD481AFAE9}.Release|Any CPU.Build.0 = Release|Any CPU
		{0687B806-F786-4A91-B6E4-B73D0545A2E3}.Debug|Any CPU.ActiveCfg = Debug|Any CPU
		{0687B806-F786-4A91-B6E4-B73D0545A2E3}.Debug|Any CPU.Build.0 = Debug|Any CPU
		{0687B806-F786-4A91-B6E4-B73D0545A2E3}.Release|Any CPU.ActiveCfg = Release|Any CPU
		{0687B806-F786-4A91-B6E4-B73D0545A2E3}.Release|Any CPU.Build.0 = Release|Any CPU
	EndGlobalSection
	GlobalSection(SolutionProperties) = preSolution
		HideSolutionNode = FALSE
	EndGlobalSection
	GlobalSection(NestedProjects) = preSolution
		{85070D9D-2862-484C-A557-48EC94B01692} = {26DC1991-B32B-45E7-9F4C-8BC045912BB2}
		{8C12D534-DE47-46B6-B3E5-A081CEC65B2F} = {26DC1991-B32B-45E7-9F4C-8BC045912BB2}
		{A6A5697C-DD8C-4EE3-A1AC-B16800032FBC} = {26DC1991-B32B-45E7-9F4C-8BC045912BB2}
		{B718B356-C5D0-441E-891F-A8AFB936F76F} = {26DC1991-B32B-45E7-9F4C-8BC045912BB2}
		{827A677E-08BD-4BBE-8957-0FAD3CB7E049} = {8C450F81-E693-40E3-AC42-E4F1107A3096}
		{1C19E6D2-9B63-414F-88C3-1D0BE0F543DB} = {8C450F81-E693-40E3-AC42-E4F1107A3096}
		{661DED27-A317-4F93-AD90-431F06007AB9} = {8C450F81-E693-40E3-AC42-E4F1107A3096}
		{E36E43B7-35F8-425B-B285-8BE755B12C55} = {8C450F81-E693-40E3-AC42-E4F1107A3096}
		{6F83E29A-B995-498F-B13E-F2B07E790BAD} = {BC0CF9DA-D12B-4968-AA4A-31BBA8F0A2D3}
		{0364289E-A91F-4D4F-8B6C-5073F6618CAE} = {1A205E91-CAB5-4C6D-8DFA-C5BA69C92ACE}
		{5F1D6C33-3793-4367-91B6-1D18F7ED7CDB} = {1A205E91-CAB5-4C6D-8DFA-C5BA69C92ACE}
		{BA07028B-42E5-4940-A8CA-CE8015439CB6} = {1A205E91-CAB5-4C6D-8DFA-C5BA69C92ACE}
		{7773A0B2-E231-49DB-B6FE-63141548512D} = {1A205E91-CAB5-4C6D-8DFA-C5BA69C92ACE}
		{B0690573-7BCA-4950-B98D-5A6497EE418E} = {1A205E91-CAB5-4C6D-8DFA-C5BA69C92ACE}
		{6C6A8FC9-A713-4CD0-A9DB-DFF41B5A9C53} = {C70C6F63-9807-4B28-AB98-6132501DF884}
		{0A4D4414-1BEF-4AB3-84C0-9EEFD4786970} = {C70C6F63-9807-4B28-AB98-6132501DF884}
		{4FF8C298-7BC5-4177-BC76-724FB7EF116F} = {C70C6F63-9807-4B28-AB98-6132501DF884}
		{43D01F9F-FA0C-43C3-A097-11FD481AFAE9} = {C70C6F63-9807-4B28-AB98-6132501DF884}
		{0687B806-F786-4A91-B6E4-B73D0545A2E3} = {C70C6F63-9807-4B28-AB98-6132501DF884}
	EndGlobalSection
	GlobalSection(ExtensibilityGlobals) = postSolution
		SolutionGuid = {70665749-D18E-4293-94DA-4C190F1873C4}
	EndGlobalSection
EndGlobal
